
Microsoft Visual Studio Solution File, Format Version 12.00
# Visual Studio Version 17
VisualStudioVersion = 17.5.33627.172
MinimumVisualStudioVersion = 10.0.40219.1
Project("{8BC9CEB8-8B4A-11D0-8D11-00A0C91BC942}") = "Strings_C", "Strings_C\Strings_C.vcxproj", "{9A4021D0-4C7A-4911-8FAF-9CA67ED6E281}"
EndProject
Global
	GlobalSection(SolutionConfigurationPlatforms) = preSolution
		Debug|x64 = Debug|x64
		Debug|x86 = Debug|x86
		Release|x64 = Release|x64
		Release|x86 = Release|x86
	EndGlobalSection
	GlobalSection(ProjectConfigurationPlatforms) = postSolution
		{9A4021D0-4C7A-4911-8FAF-9CA67ED6E281}.Debug|x64.ActiveCfg = Debug|x64
		{9A4021D0-4C7A-4911-8FAF-9CA67ED6E281}.Debug|x64.Build.0 = Debug|x64
		{9A4021D0-4C7A-4911-8FAF-9CA67ED6E281}.Debug|x86.ActiveCfg = Debug|Win32
		{9A4021D0-4C7A-4911-8FAF-9CA67ED6E281}.Debug|x86.Build.0 = Debug|Win32
		{9A4021D0-4C7A-4911-8FAF-9CA67ED6E281}.Release|x64.ActiveCfg = Release|x64
		{9A4021D0-4C7A-4911-8FAF-9CA67ED6E281}.Release|x64.Build.0 = Release|x64
		{9A4021D0-4C7A-4911-8FAF-9CA67ED6E281}.Release|x86.ActiveCfg = Release|Win32
		{9A4021D0-4C7A-4911-8FAF-9CA67ED6E281}.Release|x86.Build.0 = Release|Win32
	EndGlobalSection
	GlobalSection(SolutionProperties) = preSolution
		HideSolutionNode = FALSE
	EndGlobalSection
	GlobalSection(ExtensibilityGlobals) = postSolution
		SolutionGuid = {EB433C81-737D-4C5B-9893-8C237C158F89}
	EndGlobalSection
EndGlobal
